
Microsoft Visual Studio Solution File, Format Version 12.00
# Visual Studio Version 16
VisualStudioVersion = 16.0.31729.503
MinimumVisualStudioVersion = 10.0.40219.1
Project("{2150E333-8FDC-42A3-9474-1A3956D46DE8}") = "1.Services", "1.Services", "{CB3749BA-1210-4D97-8E83-EEC21DD00790}"
EndProject
Project("{2150E333-8FDC-42A3-9474-1A3956D46DE8}") = "2.Application", "2.Application", "{17D1594C-35A4-4A7B-BA51-48E5E32E0D65}"
EndProject
Project("{2150E333-8FDC-42A3-9474-1A3956D46DE8}") = "3.Domain", "3.Domain", "{B5DB26C5-D01F-40C0-B95B-7A06835F2EAE}"
EndProject
Project("{2150E333-8FDC-42A3-9474-1A3956D46DE8}") = "4.Infra", "4.Infra", "{101E4B85-75BB-46A4-B846-865045AFB011}"
EndProject
Project("{2150E333-8FDC-42A3-9474-1A3956D46DE8}") = "5.Tests", "5.Tests", "{601DDFAB-0282-4009-8706-4ED6532176D0}"
EndProject
Project("{FAE04EC0-301F-11D3-BF4B-00C04F79EFBC}") = "DesafioBlueBank_Equipe2", "DesafioBlueBank_Equipe2\DesafioBlueBank_Equipe2.csproj", "{8B2FA032-20B7-4448-A40F-3CA09009E20E}"
EndProject
Global
	GlobalSection(SolutionConfigurationPlatforms) = preSolution
		Debug|Any CPU = Debug|Any CPU
		Release|Any CPU = Release|Any CPU
	EndGlobalSection
	GlobalSection(ProjectConfigurationPlatforms) = postSolution
		{8B2FA032-20B7-4448-A40F-3CA09009E20E}.Debug|Any CPU.ActiveCfg = Debug|Any CPU
		{8B2FA032-20B7-4448-A40F-3CA09009E20E}.Debug|Any CPU.Build.0 = Debug|Any CPU
		{8B2FA032-20B7-4448-A40F-3CA09009E20E}.Release|Any CPU.ActiveCfg = Release|Any CPU
		{8B2FA032-20B7-4448-A40F-3CA09009E20E}.Release|Any CPU.Build.0 = Release|Any CPU
	EndGlobalSection
	GlobalSection(SolutionProperties) = preSolution
		HideSolutionNode = FALSE
	EndGlobalSection
	GlobalSection(NestedProjects) = preSolution
		{8B2FA032-20B7-4448-A40F-3CA09009E20E} = {CB3749BA-1210-4D97-8E83-EEC21DD00790}
	EndGlobalSection
	GlobalSection(ExtensibilityGlobals) = postSolution
		SolutionGuid = {971E87A8-7B70-4FFB-8657-5BA9DA5B0034}
	EndGlobalSection
EndGlobal
